
Microsoft Visual Studio Solution File, Format Version 12.00
Project("{FAE04EC0-301F-11D3-BF4B-00C04F79EFBC}") = "Domain", "src\Domain\Domain.csproj", "{8C69FB68-94E4-4D4E-94A5-E8AD98E5619F}"
EndProject
Project("{FAE04EC0-301F-11D3-BF4B-00C04F79EFBC}") = "Application", "src\Application\Application.csproj", "{2D34052F-0A37-4BCE-A72B-4AC98C8F6BFE}"
EndProject
Project("{FAE04EC0-301F-11D3-BF4B-00C04F79EFBC}") = "Infrastructure", "src\Infrastructure\Infrastructure.csproj", "{942FC003-E479-4B99-8093-2F05E8632730}"
EndProject
Project("{FAE04EC0-301F-11D3-BF4B-00C04F79EFBC}") = "Presentation", "src\Presentation\Presentation.csproj", "{ACFB805E-3FED-4860-BFEE-B415073DDCF0}"
EndProject
Global
	GlobalSection(SolutionConfigurationPlatforms) = preSolution
		Debug|Any CPU = Debug|Any CPU
		Release|Any CPU = Release|Any CPU
	EndGlobalSection
	GlobalSection(ProjectConfigurationPlatforms) = postSolution
		{8C69FB68-94E4-4D4E-94A5-E8AD98E5619F}.Debug|Any CPU.ActiveCfg = Debug|Any CPU
		{8C69FB68-94E4-4D4E-94A5-E8AD98E5619F}.Debug|Any CPU.Build.0 = Debug|Any CPU
		{8C69FB68-94E4-4D4E-94A5-E8AD98E5619F}.Release|Any CPU.ActiveCfg = Release|Any CPU
		{8C69FB68-94E4-4D4E-94A5-E8AD98E5619F}.Release|Any CPU.Build.0 = Release|Any CPU
		{2D34052F-0A37-4BCE-A72B-4AC98C8F6BFE}.Debug|Any CPU.ActiveCfg = Debug|Any CPU
		{2D34052F-0A37-4BCE-A72B-4AC98C8F6BFE}.Debug|Any CPU.Build.0 = Debug|Any CPU
		{2D34052F-0A37-4BCE-A72B-4AC98C8F6BFE}.Release|Any CPU.ActiveCfg = Release|Any CPU
		{2D34052F-0A37-4BCE-A72B-4AC98C8F6BFE}.Release|Any CPU.Build.0 = Release|Any CPU
		{942FC003-E479-4B99-8093-2F05E8632730}.Debug|Any CPU.ActiveCfg = Debug|Any CPU
		{942FC003-E479-4B99-8093-2F05E8632730}.Debug|Any CPU.Build.0 = Debug|Any CPU
		{942FC003-E479-4B99-8093-2F05E8632730}.Release|Any CPU.ActiveCfg = Release|Any CPU
		{942FC003-E479-4B99-8093-2F05E8632730}.Release|Any CPU.Build.0 = Release|Any CPU
		{ACFB805E-3FED-4860-BFEE-B415073DDCF0}.Debug|Any CPU.ActiveCfg = Debug|Any CPU
		{ACFB805E-3FED-4860-BFEE-B415073DDCF0}.Debug|Any CPU.Build.0 = Debug|Any CPU
		{ACFB805E-3FED-4860-BFEE-B415073DDCF0}.Release|Any CPU.ActiveCfg = Release|Any CPU
		{ACFB805E-3FED-4860-BFEE-B415073DDCF0}.Release|Any CPU.Build.0 = Release|Any CPU
	EndGlobalSection
EndGlobal
